// !$*UTF8*$!
{
	archiveVersion = 1;
	classes = {
	};
	objectVersion = 55;
	objects = {

/* Begin PBXBuildFile section */
		664EA51C03DDF3DC3EB82A3F /* Pods_Instagram_codepath.framework in Frameworks */ = {isa = PBXBuildFile; fileRef = D4E0FCD93A0C4B373CAF0D13 /* Pods_Instagram_codepath.framework */; };
		BC04E43127DD188C00C7E6D5 /* AppDelegate.swift in Sources */ = {isa = PBXBuildFile; fileRef = BC04E43027DD188C00C7E6D5 /* AppDelegate.swift */; };
		BC04E43327DD188C00C7E6D5 /* SceneDelegate.swift in Sources */ = {isa = PBXBuildFile; fileRef = BC04E43227DD188C00C7E6D5 /* SceneDelegate.swift */; };
		BC04E43827DD188C00C7E6D5 /* Main.storyboard in Resources */ = {isa = PBXBuildFile; fileRef = BC04E43627DD188C00C7E6D5 /* Main.storyboard */; };
		BC04E43A27DD188E00C7E6D5 /* Assets.xcassets in Resources */ = {isa = PBXBuildFile; fileRef = BC04E43927DD188E00C7E6D5 /* Assets.xcassets */; };
		BC04E43D27DD188E00C7E6D5 /* LaunchScreen.storyboard in Resources */ = {isa = PBXBuildFile; fileRef = BC04E43B27DD188E00C7E6D5 /* LaunchScreen.storyboard */; };
		BC55C18327DD25F1001BBC69 /* LoginViewController.swift in Sources */ = {isa = PBXBuildFile; fileRef = BC55C18227DD25F1001BBC69 /* LoginViewController.swift */; };
		BC55C18527DD2604001BBC69 /* FeedViewController.swift in Sources */ = {isa = PBXBuildFile; fileRef = BC55C18427DD2604001BBC69 /* FeedViewController.swift */; };
		BC55C18727DD5395001BBC69 /* CameraViewController.swift in Sources */ = {isa = PBXBuildFile; fileRef = BC55C18627DD5395001BBC69 /* CameraViewController.swift */; };
		BC55C18927DD5FF2001BBC69 /* PostCell.swift in Sources */ = {isa = PBXBuildFile; fileRef = BC55C18827DD5FF2001BBC69 /* PostCell.swift */; };
/* End PBXBuildFile section */

/* Begin PBXFileReference section */
		B4876C350B89426EE4763F88 /* Pods-Instagram-codepath.release.xcconfig */ = {isa = PBXFileReference; includeInIndex = 1; lastKnownFileType = text.xcconfig; name = "Pods-Instagram-codepath.release.xcconfig"; path = "Target Support Files/Pods-Instagram-codepath/Pods-Instagram-codepath.release.xcconfig"; sourceTree = "<group>"; };
		BC04E42D27DD188C00C7E6D5 /* Instagram-codepath.app */ = {isa = PBXFileReference; explicitFileType = wrapper.application; includeInIndex = 0; path = "Instagram-codepath.app"; sourceTree = BUILT_PRODUCTS_DIR; };
		BC04E43027DD188C00C7E6D5 /* AppDelegate.swift */ = {isa = PBXFileReference; lastKnownFileType = sourcecode.swift; path = AppDelegate.swift; sourceTree = "<group>"; };
		BC04E43227DD188C00C7E6D5 /* SceneDelegate.swift */ = {isa = PBXFileReference; lastKnownFileType = sourcecode.swift; path = SceneDelegate.swift; sourceTree = "<group>"; };
		BC04E43727DD188C00C7E6D5 /* Base */ = {isa = PBXFileReference; lastKnownFileType = file.storyboard; name = Base; path = Base.lproj/Main.storyboard; sourceTree = "<group>"; };
		BC04E43927DD188E00C7E6D5 /* Assets.xcassets */ = {isa = PBXFileReference; lastKnownFileType = folder.assetcatalog; path = Assets.xcassets; sourceTree = "<group>"; };
		BC04E43C27DD188E00C7E6D5 /* Base */ = {isa = PBXFileReference; lastKnownFileType = file.storyboard; name = Base; path = Base.lproj/LaunchScreen.storyboard; sourceTree = "<group>"; };
		BC04E43E27DD188E00C7E6D5 /* Info.plist */ = {isa = PBXFileReference; lastKnownFileType = text.plist.xml; path = Info.plist; sourceTree = "<group>"; };
		BC55C18227DD25F1001BBC69 /* LoginViewController.swift */ = {isa = PBXFileReference; lastKnownFileType = sourcecode.swift; path = LoginViewController.swift; sourceTree = "<group>"; };
		BC55C18427DD2604001BBC69 /* FeedViewController.swift */ = {isa = PBXFileReference; lastKnownFileType = sourcecode.swift; path = FeedViewController.swift; sourceTree = "<group>"; };
		BC55C18627DD5395001BBC69 /* CameraViewController.swift */ = {isa = PBXFileReference; lastKnownFileType = sourcecode.swift; path = CameraViewController.swift; sourceTree = "<group>"; };
		BC55C18827DD5FF2001BBC69 /* PostCell.swift */ = {isa = PBXFileReference; lastKnownFileType = sourcecode.swift; path = PostCell.swift; sourceTree = "<group>"; };
		D4E0FCD93A0C4B373CAF0D13 /* Pods_Instagram_codepath.framework */ = {isa = PBXFileReference; explicitFileType = wrapper.framework; includeInIndex = 0; path = Pods_Instagram_codepath.framework; sourceTree = BUILT_PRODUCTS_DIR; };
		EE4EDB67B855A3C7C1BB5FEF /* Pods-Instagram-codepath.debug.xcconfig */ = {isa = PBXFileReference; includeInIndex = 1; lastKnownFileType = text.xcconfig; name = "Pods-Instagram-codepath.debug.xcconfig"; path = "Target Support Files/Pods-Instagram-codepath/Pods-Instagram-codepath.debug.xcconfig"; sourceTree = "<group>"; };
/* End PBXFileReference section */

/* Begin PBXFrameworksBuildPhase section */
		BC04E42A27DD188C00C7E6D5 /* Frameworks */ = {
			isa = PBXFrameworksBuildPhase;
			buildActionMask = 2147483647;
			files = (
				664EA51C03DDF3DC3EB82A3F /* Pods_Instagram_codepath.framework in Frameworks */,
			);
			runOnlyForDeploymentPostprocessing = 0;
		};
/* End PBXFrameworksBuildPhase section */

/* Begin PBXGroup section */
		3D55A050924CFC659A7B743F /* Pods */ = {
			isa = PBXGroup;
			children = (
				EE4EDB67B855A3C7C1BB5FEF /* Pods-Instagram-codepath.debug.xcconfig */,
				B4876C350B89426EE4763F88 /* Pods-Instagram-codepath.release.xcconfig */,
			);
			path = Pods;
			sourceTree = "<group>";
		};
		54313935D2E2E7C8961B2544 /* Frameworks */ = {
			isa = PBXGroup;
			children = (
				D4E0FCD93A0C4B373CAF0D13 /* Pods_Instagram_codepath.framework */,
			);
			name = Frameworks;
			sourceTree = "<group>";
		};
		BC04E42427DD188C00C7E6D5 = {
			isa = PBXGroup;
			children = (
				BC04E42F27DD188C00C7E6D5 /* Instagram-codepath */,
				BC04E42E27DD188C00C7E6D5 /* Products */,
				3D55A050924CFC659A7B743F /* Pods */,
				54313935D2E2E7C8961B2544 /* Frameworks */,
			);
			sourceTree = "<group>";
		};
		BC04E42E27DD188C00C7E6D5 /* Products */ = {
			isa = PBXGroup;
			children = (
				BC04E42D27DD188C00C7E6D5 /* Instagram-codepath.app */,
			);
			name = Products;
			sourceTree = "<group>";
		};
		BC04E42F27DD188C00C7E6D5 /* Instagram-codepath */ = {
			isa = PBXGroup;
			children = (
				BC04E43027DD188C00C7E6D5 /* AppDelegate.swift */,
				BC04E43227DD188C00C7E6D5 /* SceneDelegate.swift */,
				BC04E43627DD188C00C7E6D5 /* Main.storyboard */,
				BC04E43927DD188E00C7E6D5 /* Assets.xcassets */,
				BC04E43B27DD188E00C7E6D5 /* LaunchScreen.storyboard */,
				BC04E43E27DD188E00C7E6D5 /* Info.plist */,
				BC55C18227DD25F1001BBC69 /* LoginViewController.swift */,
				BC55C18427DD2604001BBC69 /* FeedViewController.swift */,
				BC55C18627DD5395001BBC69 /* CameraViewController.swift */,
				BC55C18827DD5FF2001BBC69 /* PostCell.swift */,
			);
			path = "Instagram-codepath";
			sourceTree = "<group>";
		};
/* End PBXGroup section */

/* Begin PBXNativeTarget section */
		BC04E42C27DD188C00C7E6D5 /* Instagram-codepath */ = {
			isa = PBXNativeTarget;
			buildConfigurationList = BC04E44127DD188E00C7E6D5 /* Build configuration list for PBXNativeTarget "Instagram-codepath" */;
			buildPhases = (
				D5A7A954E2F3D7942EC0E54D /* [CP] Check Pods Manifest.lock */,
				BC04E42927DD188C00C7E6D5 /* Sources */,
				BC04E42A27DD188C00C7E6D5 /* Frameworks */,
				BC04E42B27DD188C00C7E6D5 /* Resources */,
				ABDA27068C2DC2DB301DE6B8 /* [CP] Embed Pods Frameworks */,
			);
			buildRules = (
			);
			dependencies = (
			);
			name = "Instagram-codepath";
			productName = "Instagram-codepath";
			productReference = BC04E42D27DD188C00C7E6D5 /* Instagram-codepath.app */;
			productType = "com.apple.product-type.application";
		};
/* End PBXNativeTarget section */

/* Begin PBXProject section */
		BC04E42527DD188C00C7E6D5 /* Project object */ = {
			isa = PBXProject;
			attributes = {
				BuildIndependentTargetsInParallel = 1;
				LastSwiftUpdateCheck = 1310;
				LastUpgradeCheck = 1310;
				TargetAttributes = {
					BC04E42C27DD188C00C7E6D5 = {
						CreatedOnToolsVersion = 13.1;
					};
				};
			};
			buildConfigurationList = BC04E42827DD188C00C7E6D5 /* Build configuration list for PBXProject "Instagram-codepath" */;
			compatibilityVersion = "Xcode 13.0";
			developmentRegion = en;
			hasScannedForEncodings = 0;
			knownRegions = (
				en,
				Base,
			);
			mainGroup = BC04E42427DD188C00C7E6D5;
			productRefGroup = BC04E42E27DD188C00C7E6D5 /* Products */;
			projectDirPath = "";
			projectRoot = "";
			targets = (
				BC04E42C27DD188C00C7E6D5 /* Instagram-codepath */,
			);
		};
/* End PBXProject section */

/* Begin PBXResourcesBuildPhase section */
		BC04E42B27DD188C00C7E6D5 /* Resources */ = {
			isa = PBXResourcesBuildPhase;
			buildActionMask = 2147483647;
			files = (
				BC04E43D27DD188E00C7E6D5 /* LaunchScreen.storyboard in Resources */,
				BC04E43A27DD188E00C7E6D5 /* Assets.xcassets in Resources */,
				BC04E43827DD188C00C7E6D5 /* Main.storyboard in Resources */,
			);
			runOnlyForDeploymentPostprocessing = 0;
		};
/* End PBXResourcesBuildPhase section */

/* Begin PBXShellScriptBuildPhase section */
		ABDA27068C2DC2DB301DE6B8 /* [CP] Embed Pods Frameworks */ = {
			isa = PBXShellScriptBuildPhase;
			buildActionMask = 2147483647;
			files = (
			);
			inputFileListPaths = (
				"${PODS_ROOT}/Target Support Files/Pods-Instagram-codepath/Pods-Instagram-codepath-frameworks-${CONFIGURATION}-input-files.xcfilelist",
			);
			name = "[CP] Embed Pods Frameworks";
			outputFileListPaths = (
				"${PODS_ROOT}/Target Support Files/Pods-Instagram-codepath/Pods-Instagram-codepath-frameworks-${CONFIGURATION}-output-files.xcfilelist",
			);
			runOnlyForDeploymentPostprocessing = 0;
			shellPath = /bin/sh;
			shellScript = "\"${PODS_ROOT}/Target Support Files/Pods-Instagram-codepath/Pods-Instagram-codepath-frameworks.sh\"\n";
			showEnvVarsInLog = 0;
		};
		D5A7A954E2F3D7942EC0E54D /* [CP] Check Pods Manifest.lock */ = {
			isa = PBXShellScriptBuildPhase;
			buildActionMask = 2147483647;
			files = (
			);
			inputFileListPaths = (
			);
			inputPaths = (
				"${PODS_PODFILE_DIR_PATH}/Podfile.lock",
				"${PODS_ROOT}/Manifest.lock",
			);
			name = "[CP] Check Pods Manifest.lock";
			outputFileListPaths = (
			);
			outputPaths = (
				"$(DERIVED_FILE_DIR)/Pods-Instagram-codepath-checkManifestLockResult.txt",
			);
			runOnlyForDeploymentPostprocessing = 0;
			shellPath = /bin/sh;
			shellScript = "diff \"${PODS_PODFILE_DIR_PATH}/Podfile.lock\" \"${PODS_ROOT}/Manifest.lock\" > /dev/null\nif [ $? != 0 ] ; then\n    # print error to STDERR\n    echo \"error: The sandbox is not in sync with the Podfile.lock. Run 'pod install' or update your CocoaPods installation.\" >&2\n    exit 1\nfi\n# This output is used by Xcode 'outputs' to avoid re-running this script phase.\necho \"SUCCESS\" > \"${SCRIPT_OUTPUT_FILE_0}\"\n";
			showEnvVarsInLog = 0;
		};
/* End PBXShellScriptBuildPhase section */

/* Begin PBXSourcesBuildPhase section */
		BC04E42927DD188C00C7E6D5 /* Sources */ = {
			isa = PBXSourcesBuildPhase;
			buildActionMask = 2147483647;
			files = (
				BC55C18327DD25F1001BBC69 /* LoginViewController.swift in Sources */,
				BC55C18727DD5395001BBC69 /* CameraViewController.swift in Sources */,
				BC04E43127DD188C00C7E6D5 /* AppDelegate.swift in Sources */,
				BC55C18527DD2604001BBC69 /* FeedViewController.swift in Sources */,
				BC04E43327DD188C00C7E6D5 /* SceneDelegate.swift in Sources */,
				BC55C18927DD5FF2001BBC69 /* PostCell.swift in Sources */,
			);
			runOnlyForDeploymentPostprocessing = 0;
		};
/* End PBXSourcesBuildPhase section */

/* Begin PBXVariantGroup section */
		BC04E43627DD188C00C7E6D5 /* Main.storyboard */ = {
			isa = PBXVariantGroup;
			children = (
				BC04E43727DD188C00C7E6D5 /* Base */,
			);
			name = Main.storyboard;
			sourceTree = "<group>";
		};
		BC04E43B27DD188E00C7E6D5 /* LaunchScreen.storyboard */ = {
			isa = PBXVariantGroup;
			children = (
				BC04E43C27DD188E00C7E6D5 /* Base */,
			);
			name = LaunchScreen.storyboard;
			sourceTree = "<group>";
		};
/* End PBXVariantGroup section */

/* Begin XCBuildConfiguration section */
		BC04E43F27DD188E00C7E6D5 /* Debug */ = {
			isa = XCBuildConfiguration;
			buildSettings = {
				ALWAYS_SEARCH_USER_PATHS = NO;
				CLANG_ANALYZER_NONNULL = YES;
				CLANG_ANALYZER_NUMBER_OBJECT_CONVERSION = YES_AGGRESSIVE;
				CLANG_CXX_LANGUAGE_STANDARD = "gnu++17";
				CLANG_CXX_LIBRARY = "libc++";
				CLANG_ENABLE_MODULES = YES;
				CLANG_ENABLE_OBJC_ARC = YES;
				CLANG_ENABLE_OBJC_WEAK = YES;
				CLANG_WARN_BLOCK_CAPTURE_AUTORELEASING = YES;
				CLANG_WARN_BOOL_CONVERSION = YES;
				CLANG_WARN_COMMA = YES;
				CLANG_WARN_CONSTANT_CONVERSION = YES;
				CLANG_WARN_DEPRECATED_OBJC_IMPLEMENTATIONS = YES;
				CLANG_WARN_DIRECT_OBJC_ISA_USAGE = YES_ERROR;
				CLANG_WARN_DOCUMENTATION_COMMENTS = YES;
				CLANG_WARN_EMPTY_BODY = YES;
				CLANG_WARN_ENUM_CONVERSION = YES;
				CLANG_WARN_INFINITE_RECURSION = YES;
				CLANG_WARN_INT_CONVERSION = YES;
				CLANG_WARN_NON_LITERAL_NULL_CONVERSION = YES;
				CLANG_WARN_OBJC_IMPLICIT_RETAIN_SELF = YES;
				CLANG_WARN_OBJC_LITERAL_CONVERSION = YES;
				CLANG_WARN_OBJC_ROOT_CLASS = YES_ERROR;
				CLANG_WARN_QUOTED_INCLUDE_IN_FRAMEWORK_HEADER = YES;
				CLANG_WARN_RANGE_LOOP_ANALYSIS = YES;
				CLANG_WARN_STRICT_PROTOTYPES = YES;
				CLANG_WARN_SUSPICIOUS_MOVE = YES;
				CLANG_WARN_UNGUARDED_AVAILABILITY = YES_AGGRESSIVE;
				CLANG_WARN_UNREACHABLE_CODE = YES;
				CLANG_WARN__DUPLICATE_METHOD_MATCH = YES;
				COPY_PHASE_STRIP = NO;
				DEBUG_INFORMATION_FORMAT = dwarf;
				ENABLE_STRICT_OBJC_MSGSEND = YES;
				ENABLE_TESTABILITY = YES;
				GCC_C_LANGUAGE_STANDARD = gnu11;
				GCC_DYNAMIC_NO_PIC = NO;
				GCC_NO_COMMON_BLOCKS = YES;
				GCC_OPTIMIZATION_LEVEL = 0;
				GCC_PREPROCESSOR_DEFINITIONS = (
					"DEBUG=1",
					"$(inherited)",
				);
				GCC_WARN_64_TO_32_BIT_CONVERSION = YES;
				GCC_WARN_ABOUT_RETURN_TYPE = YES_ERROR;
				GCC_WARN_UNDECLARED_SELECTOR = YES;
				GCC_WARN_UNINITIALIZED_AUTOS = YES_AGGRESSIVE;
				GCC_WARN_UNUSED_FUNCTION = YES;
				GCC_WARN_UNUSED_VARIABLE = YES;
				IPHONEOS_DEPLOYMENT_TARGET = 15.0;
				MTL_ENABLE_DEBUG_INFO = INCLUDE_SOURCE;
				MTL_FAST_MATH = YES;
				ONLY_ACTIVE_ARCH = YES;
				SDKROOT = iphoneos;
				SWIFT_ACTIVE_COMPILATION_CONDITIONS = DEBUG;
				SWIFT_OPTIMIZATION_LEVEL = "-Onone";
			};
			name = Debug;
		};
		BC04E44027DD188E00C7E6D5 /* Release */ = {
			isa = XCBuildConfiguration;
			buildSettings = {
				ALWAYS_SEARCH_USER_PATHS = NO;
				CLANG_ANALYZER_NONNULL = YES;
				CLANG_ANALYZER_NUMBER_OBJECT_CONVERSION = YES_AGGRESSIVE;
				CLANG_CXX_LANGUAGE_STANDARD = "gnu++17";
				CLANG_CXX_LIBRARY = "libc++";
				CLANG_ENABLE_MODULES = YES;
				CLANG_ENABLE_OBJC_ARC = YES;
				CLANG_ENABLE_OBJC_WEAK = YES;
				CLANG_WARN_BLOCK_CAPTURE_AUTORELEASING = YES;
				CLANG_WARN_BOOL_CONVERSION = YES;
				CLANG_WARN_COMMA = YES;
				CLANG_WARN_CONSTANT_CONVERSION = YES;
				CLANG_WARN_DEPRECATED_OBJC_IMPLEMENTATIONS = YES;
				CLANG_WARN_DIRECT_OBJC_ISA_USAGE = YES_ERROR;
				CLANG_WARN_DOCUMENTATION_COMMENTS = YES;
				CLANG_WARN_EMPTY_BODY = YES;
				CLANG_WARN_ENUM_CONVERSION = YES;
				CLANG_WARN_INFINITE_RECURSION = YES;
				CLANG_WARN_INT_CONVERSION = YES;
				CLANG_WARN_NON_LITERAL_NULL_CONVERSION = YES;
				CLANG_WARN_OBJC_IMPLICIT_RETAIN_SELF = YES;
				CLANG_WARN_OBJC_LITERAL_CONVERSION = YES;
				CLANG_WARN_OBJC_ROOT_CLASS = YES_ERROR;
				CLANG_WARN_QUOTED_INCLUDE_IN_FRAMEWORK_HEADER = YES;
				CLANG_WARN_RANGE_LOOP_ANALYSIS = YES;
				CLANG_WARN_STRICT_PROTOTYPES = YES;
				CLANG_WARN_SUSPICIOUS_MOVE = YES;
				CLANG_WARN_UNGUARDED_AVAILABILITY = YES_AGGRESSIVE;
				CLANG_WARN_UNREACHABLE_CODE = YES;
				CLANG_WARN__DUPLICATE_METHOD_MATCH = YES;
				COPY_PHASE_STRIP = NO;
				DEBUG_INFORMATION_FORMAT = "dwarf-with-dsym";
				ENABLE_NS_ASSERTIONS = NO;
				ENABLE_STRICT_OBJC_MSGSEND = YES;
				GCC_C_LANGUAGE_STANDARD = gnu11;
				GCC_NO_COMMON_BLOCKS = YES;
				GCC_WARN_64_TO_32_BIT_CONVERSION = YES;
				GCC_WARN_ABOUT_RETURN_TYPE = YES_ERROR;
				GCC_WARN_UNDECLARED_SELECTOR = YES;
				GCC_WARN_UNINITIALIZED_AUTOS = YES_AGGRESSIVE;
				GCC_WARN_UNUSED_FUNCTION = YES;
				GCC_WARN_UNUSED_VARIABLE = YES;
				IPHONEOS_DEPLOYMENT_TARGET = 15.0;
				MTL_ENABLE_DEBUG_INFO = NO;
				MTL_FAST_MATH = YES;
				SDKROOT = iphoneos;
				SWIFT_COMPILATION_MODE = wholemodule;
				SWIFT_OPTIMIZATION_LEVEL = "-O";
				VALIDATE_PRODUCT = YES;
			};
			name = Release;
		};
		BC04E44227DD188E00C7E6D5 /* Debug */ = {
			isa = XCBuildConfiguration;
			baseConfigurationReference = EE4EDB67B855A3C7C1BB5FEF /* Pods-Instagram-codepath.debug.xcconfig */;
			buildSettings = {
				ASSETCATALOG_COMPILER_APPICON_NAME = AppIcon;
				ASSETCATALOG_COMPILER_GLOBAL_ACCENT_COLOR_NAME = AccentColor;
				CODE_SIGN_STYLE = Automatic;
				CURRENT_PROJECT_VERSION = 1;
				DEVELOPMENT_TEAM = U624V37HST;
				GENERATE_INFOPLIST_FILE = YES;
				INFOPLIST_FILE = "Instagram-codepath/Info.plist";
				INFOPLIST_KEY_UIApplicationSupportsIndirectInputEvents = YES;
				INFOPLIST_KEY_UILaunchStoryboardName = LaunchScreen;
				INFOPLIST_KEY_UIMainStoryboardFile = Main;
				INFOPLIST_KEY_UISupportedInterfaceOrientations_iPad = "UIInterfaceOrientationPortrait UIInterfaceOrientationPortraitUpsideDown UIInterfaceOrientationLandscapeLeft UIInterfaceOrientationLandscapeRight";
				INFOPLIST_KEY_UISupportedInterfaceOrientations_iPhone = "UIInterfaceOrientationPortrait UIInterfaceOrientationLandscapeLeft UIInterfaceOrientationLandscapeRight";
				LD_RUNPATH_SEARCH_PATHS = (
					"$(inherited)",
					"@executable_path/Frameworks",
				);
				MARKETING_VERSION = 1.0;
				PRODUCT_BUNDLE_IDENTIFIER = "io.francis.Instagram-codepath";
				PRODUCT_NAME = "$(TARGET_NAME)";
				SWIFT_EMIT_LOC_STRINGS = YES;
				SWIFT_VERSION = 5.0;
				TARGETED_DEVICE_FAMILY = "1,2";
			};
			name = Debug;
		};
		BC04E44327DD188E00C7E6D5 /* Release */ = {
			isa = XCBuildConfiguration;
			baseConfigurationReference = B4876C350B89426EE4763F88 /* Pods-Instagram-codepath.release.xcconfig */;
			buildSettings = {
				ASSETCATALOG_COMPILER_APPICON_NAME = AppIcon;
				ASSETCATALOG_COMPILER_GLOBAL_ACCENT_COLOR_NAME = AccentColor;
				CODE_SIGN_STYLE = Automatic;
				CURRENT_PROJECT_VERSION = 1;
				DEVELOPMENT_TEAM = U624V37HST;
				GENERATE_INFOPLIST_FILE = YES;
				INFOPLIST_FILE = "Instagram-codepath/Info.plist";
				INFOPLIST_KEY_UIApplicationSupportsIndirectInputEvents = YES;
				INFOPLIST_KEY_UILaunchStoryboardName = LaunchScreen;
				INFOPLIST_KEY_UIMainStoryboardFile = Main;
				INFOPLIST_KEY_UISupportedInterfaceOrientations_iPad = "UIInterfaceOrientationPortrait UIInterfaceOrientationPortraitUpsideDown UIInterfaceOrientationLandscapeLeft UIInterfaceOrientationLandscapeRight";
				INFOPLIST_KEY_UISupportedInterfaceOrientations_iPhone = "UIInterfaceOrientationPortrait UIInterfaceOrientationLandscapeLeft UIInterfaceOrientationLandscapeRight";
				LD_RUNPATH_SEARCH_PATHS = (
					"$(inherited)",
					"@executable_path/Frameworks",
				);
				MARKETING_VERSION = 1.0;
				PRODUCT_BUNDLE_IDENTIFIER = "io.francis.Instagram-codepath";
				PRODUCT_NAME = "$(TARGET_NAME)";
				SWIFT_EMIT_LOC_STRINGS = YES;
				SWIFT_VERSION = 5.0;
				TARGETED_DEVICE_FAMILY = "1,2";
			};
			name = Release;
		};
/* End XCBuildConfiguration section */

/* Begin XCConfigurationList section */
		BC04E42827DD188C00C7E6D5 /* Build configuration list for PBXProject "Instagram-codepath" */ = {
			isa = XCConfigurationList;
			buildConfigurations = (
				BC04E43F27DD188E00C7E6D5 /* Debug */,
				BC04E44027DD188E00C7E6D5 /* Release */,
			);
			defaultConfigurationIsVisible = 0;
			defaultConfigurationName = Release;
		};
		BC04E44127DD188E00C7E6D5 /* Build configuration list for PBXNativeTarget "Instagram-codepath" */ = {
			isa = XCConfigurationList;
			buildConfigurations = (
				BC04E44227DD188E00C7E6D5 /* Debug */,
				BC04E44327DD188E00C7E6D5 /* Release */,
			);
			defaultConfigurationIsVisible = 0;
			defaultConfigurationName = Release;
		};
/* End XCConfigurationList section */
	};
	rootObject = BC04E42527DD188C00C7E6D5 /* Project object */;
}
